
Microsoft Visual Studio Solution File, Format Version 12.00
# Visual Studio Version 16
VisualStudioVersion = 25.0.1705.0
MinimumVisualStudioVersion = 10.0.40219.1
Project("{FAE04EC0-301F-11D3-BF4B-00C04F79EFBC}") = "OOP", "OOP\OOP.csproj", "{BEFE418E-057D-4B11-86B7-857B784D963F}"
EndProject
Project("{2150E333-8FDC-42A3-9474-1A3956D46DE8}") = "Solution Items", "Solution Items", "{DDE763A8-8398-4A79-862E-AFCC331A1164}"
	ProjectSection(SolutionItems) = preProject
		ChebtsHomeTasks.sln = ChebtsHomeTasks.sln
	EndProjectSection
EndProject
Project("{FAE04EC0-301F-11D3-BF4B-00C04F79EFBC}") = "Dequeue", "Dequeue\Dequeue.csproj", "{4B8ABC99-18B6-4358-B357-4C873436191D}"
EndProject
Project("{FAE04EC0-301F-11D3-BF4B-00C04F79EFBC}") = "weatherAPI", "weatherAPI\weatherAPI.csproj", "{3F19DB95-0BF7-4D47-866F-C980B1FB2B8C}"
EndProject
Project("{FAE04EC0-301F-11D3-BF4B-00C04F79EFBC}") = "FreeApiJoke", "FreeApiJoke\FreeApiJoke.csproj", "{DFB6D069-315E-4202-B7E0-27258C6E705F}"
EndProject
Project("{FAE04EC0-301F-11D3-BF4B-00C04F79EFBC}") = "YouTubeAPI", "YouTubeAPI\YouTubeAPI.csproj", "{CBE831E7-AB19-4989-9447-63C217C258B8}"
EndProject
Global
	GlobalSection(SolutionConfigurationPlatforms) = preSolution
		Debug|Any CPU = Debug|Any CPU
		Release|Any CPU = Release|Any CPU
	EndGlobalSection
	GlobalSection(ProjectConfigurationPlatforms) = postSolution
		{BEFE418E-057D-4B11-86B7-857B784D963F}.Debug|Any CPU.ActiveCfg = Debug|Any CPU
		{BEFE418E-057D-4B11-86B7-857B784D963F}.Debug|Any CPU.Build.0 = Debug|Any CPU
		{BEFE418E-057D-4B11-86B7-857B784D963F}.Release|Any CPU.ActiveCfg = Release|Any CPU
		{BEFE418E-057D-4B11-86B7-857B784D963F}.Release|Any CPU.Build.0 = Release|Any CPU
		{4B8ABC99-18B6-4358-B357-4C873436191D}.Debug|Any CPU.ActiveCfg = Debug|Any CPU
		{4B8ABC99-18B6-4358-B357-4C873436191D}.Debug|Any CPU.Build.0 = Debug|Any CPU
		{4B8ABC99-18B6-4358-B357-4C873436191D}.Release|Any CPU.ActiveCfg = Release|Any CPU
		{4B8ABC99-18B6-4358-B357-4C873436191D}.Release|Any CPU.Build.0 = Release|Any CPU
		{3F19DB95-0BF7-4D47-866F-C980B1FB2B8C}.Debug|Any CPU.ActiveCfg = Debug|Any CPU
		{3F19DB95-0BF7-4D47-866F-C980B1FB2B8C}.Debug|Any CPU.Build.0 = Debug|Any CPU
		{3F19DB95-0BF7-4D47-866F-C980B1FB2B8C}.Release|Any CPU.ActiveCfg = Release|Any CPU
		{3F19DB95-0BF7-4D47-866F-C980B1FB2B8C}.Release|Any CPU.Build.0 = Release|Any CPU
		{DFB6D069-315E-4202-B7E0-27258C6E705F}.Debug|Any CPU.ActiveCfg = Debug|Any CPU
		{DFB6D069-315E-4202-B7E0-27258C6E705F}.Debug|Any CPU.Build.0 = Debug|Any CPU
		{DFB6D069-315E-4202-B7E0-27258C6E705F}.Release|Any CPU.ActiveCfg = Release|Any CPU
		{DFB6D069-315E-4202-B7E0-27258C6E705F}.Release|Any CPU.Build.0 = Release|Any CPU
		{CBE831E7-AB19-4989-9447-63C217C258B8}.Debug|Any CPU.ActiveCfg = Debug|Any CPU
		{CBE831E7-AB19-4989-9447-63C217C258B8}.Debug|Any CPU.Build.0 = Debug|Any CPU
		{CBE831E7-AB19-4989-9447-63C217C258B8}.Release|Any CPU.ActiveCfg = Release|Any CPU
		{CBE831E7-AB19-4989-9447-63C217C258B8}.Release|Any CPU.Build.0 = Release|Any CPU
	EndGlobalSection
	GlobalSection(SolutionProperties) = preSolution
		HideSolutionNode = FALSE
	EndGlobalSection
	GlobalSection(ExtensibilityGlobals) = postSolution
		SolutionGuid = {6995CDCD-C39F-4C31-8A9A-75FF5A3D42A8}
	EndGlobalSection
EndGlobal
